
Microsoft Visual Studio Solution File, Format Version 12.00
# Visual Studio 15
Project("{FAE04EC0-301F-11D3-BF4B-00C04F79EFBC}") = "MCArts", "MCArts.csproj", "{4FA61F38-AC4C-135E-7154-D0E762FD0B4C}"
EndProject
Global
	GlobalSection(SolutionConfigurationPlatforms) = preSolution
		Debug|Any CPU = Debug|Any CPU
		Release|Any CPU = Release|Any CPU
	EndGlobalSection
	GlobalSection(ProjectConfigurationPlatforms) = postSolution
		{4FA61F38-AC4C-135E-7154-D0E762FD0B4C}.Debug|Any CPU.ActiveCfg = Debug|Any CPU
		{4FA61F38-AC4C-135E-7154-D0E762FD0B4C}.Debug|Any CPU.Build.0 = Debug|Any CPU
		{4FA61F38-AC4C-135E-7154-D0E762FD0B4C}.Release|Any CPU.ActiveCfg = Release|Any CPU
		{4FA61F38-AC4C-135E-7154-D0E762FD0B4C}.Release|Any CPU.Build.0 = Release|Any CPU
	EndGlobalSection
	GlobalSection(SolutionProperties) = preSolution
		HideSolutionNode = FALSE
	EndGlobalSection
EndGlobal
